// !$*UTF8*$!
{
	archiveVersion = 1;
	classes = {
	};
	objectVersion = 46;
	objects = {

/* Begin PBXBuildFile section */
		4D67DFF71B716CDB0039D8AD /* AppDelegate.swift in Sources */ = {isa = PBXBuildFile; fileRef = 4D67DFF61B716CDB0039D8AD /* AppDelegate.swift */; };
		4D67DFF91B716CDB0039D8AD /* ViewController.swift in Sources */ = {isa = PBXBuildFile; fileRef = 4D67DFF81B716CDB0039D8AD /* ViewController.swift */; };
		4D67DFFC1B716CDB0039D8AD /* Main.storyboard in Resources */ = {isa = PBXBuildFile; fileRef = 4D67DFFA1B716CDB0039D8AD /* Main.storyboard */; };
		4D67DFFE1B716CDB0039D8AD /* Images.xcassets in Resources */ = {isa = PBXBuildFile; fileRef = 4D67DFFD1B716CDB0039D8AD /* Images.xcassets */; };
		4D67E0011B716CDB0039D8AD /* LaunchScreen.xib in Resources */ = {isa = PBXBuildFile; fileRef = 4D67DFFF1B716CDB0039D8AD /* LaunchScreen.xib */; };
		4D67E00D1B716CDB0039D8AD /* PhilsosophyTests.swift in Sources */ = {isa = PBXBuildFile; fileRef = 4D67E00C1B716CDB0039D8AD /* PhilsosophyTests.swift */; };
		4D67E0171B71D6C50039D8AD /* cover.jpg in Resources */ = {isa = PBXBuildFile; fileRef = 4D67E0161B71D6C50039D8AD /* cover.jpg */; };
/* End PBXBuildFile section */

/* Begin PBXContainerItemProxy section */
		4D67E0071B716CDB0039D8AD /* PBXContainerItemProxy */ = {
			isa = PBXContainerItemProxy;
			containerPortal = 4D67DFE91B716CDB0039D8AD /* Project object */;
			proxyType = 1;
			remoteGlobalIDString = 4D67DFF01B716CDB0039D8AD;
			remoteInfo = Philsosophy;
		};
/* End PBXContainerItemProxy section */

/* Begin PBXFileReference section */
		4D67DFF11B716CDB0039D8AD /* Philsosophy.app */ = {isa = PBXFileReference; explicitFileType = wrapper.application; includeInIndex = 0; path = Philsosophy.app; sourceTree = BUILT_PRODUCTS_DIR; };
		4D67DFF51B716CDB0039D8AD /* Info.plist */ = {isa = PBXFileReference; lastKnownFileType = text.plist.xml; path = Info.plist; sourceTree = "<group>"; };
		4D67DFF61B716CDB0039D8AD /* AppDelegate.swift */ = {isa = PBXFileReference; lastKnownFileType = sourcecode.swift; path = AppDelegate.swift; sourceTree = "<group>"; };
		4D67DFF81B716CDB0039D8AD /* ViewController.swift */ = {isa = PBXFileReference; lastKnownFileType = sourcecode.swift; path = ViewController.swift; sourceTree = "<group>"; };
		4D67DFFB1B716CDB0039D8AD /* Base */ = {isa = PBXFileReference; lastKnownFileType = file.storyboard; name = Base; path = Base.lproj/Main.storyboard; sourceTree = "<group>"; };
		4D67DFFD1B716CDB0039D8AD /* Images.xcassets */ = {isa = PBXFileReference; lastKnownFileType = folder.assetcatalog; path = Images.xcassets; sourceTree = "<group>"; };
		4D67E0001B716CDB0039D8AD /* Base */ = {isa = PBXFileReference; lastKnownFileType = file.xib; name = Base; path = Base.lproj/LaunchScreen.xib; sourceTree = "<group>"; };
		4D67E0061B716CDB0039D8AD /* PhilsosophyTests.xctest */ = {isa = PBXFileReference; explicitFileType = wrapper.cfbundle; includeInIndex = 0; path = PhilsosophyTests.xctest; sourceTree = BUILT_PRODUCTS_DIR; };
		4D67E00B1B716CDB0039D8AD /* Info.plist */ = {isa = PBXFileReference; lastKnownFileType = text.plist.xml; path = Info.plist; sourceTree = "<group>"; };
		4D67E00C1B716CDB0039D8AD /* PhilsosophyTests.swift */ = {isa = PBXFileReference; lastKnownFileType = sourcecode.swift; path = PhilsosophyTests.swift; sourceTree = "<group>"; };
		4D67E0161B71D6C50039D8AD /* cover.jpg */ = {isa = PBXFileReference; lastKnownFileType = image.jpeg; name = cover.jpg; path = Images.xcassets/cover.jpg; sourceTree = "<group>"; };
/* End PBXFileReference section */

/* Begin PBXFrameworksBuildPhase section */
		4D67DFEE1B716CDB0039D8AD /* Frameworks */ = {
			isa = PBXFrameworksBuildPhase;
			buildActionMask = 2147483647;
			files = (
			);
			runOnlyForDeploymentPostprocessing = 0;
		};
		4D67E0031B716CDB0039D8AD /* Frameworks */ = {
			isa = PBXFrameworksBuildPhase;
			buildActionMask = 2147483647;
			files = (
			);
			runOnlyForDeploymentPostprocessing = 0;
		};
/* End PBXFrameworksBuildPhase section */

/* Begin PBXGroup section */
		4D67DFE81B716CDB0039D8AD = {
			isa = PBXGroup;
			children = (
				4D67DFF31B716CDB0039D8AD /* Philsosophy */,
				4D67E0091B716CDB0039D8AD /* PhilsosophyTests */,
				4D67DFF21B716CDB0039D8AD /* Products */,
			);
			sourceTree = "<group>";
		};
		4D67DFF21B716CDB0039D8AD /* Products */ = {
			isa = PBXGroup;
			children = (
				4D67DFF11B716CDB0039D8AD /* Philsosophy.app */,
				4D67E0061B716CDB0039D8AD /* PhilsosophyTests.xctest */,
			);
			name = Products;
			sourceTree = "<group>";
		};
		4D67DFF31B716CDB0039D8AD /* Philsosophy */ = {
			isa = PBXGroup;
			children = (
				4D67DFF61B716CDB0039D8AD /* AppDelegate.swift */,
				4D67DFF81B716CDB0039D8AD /* ViewController.swift */,
				4D67DFFA1B716CDB0039D8AD /* Main.storyboard */,
				4D67DFFD1B716CDB0039D8AD /* Images.xcassets */,
				4D67DFFF1B716CDB0039D8AD /* LaunchScreen.xib */,
				4D67DFF41B716CDB0039D8AD /* Supporting Files */,
			);
			path = Philsosophy;
			sourceTree = "<group>";
		};
		4D67DFF41B716CDB0039D8AD /* Supporting Files */ = {
			isa = PBXGroup;
			children = (
				4D67E0161B71D6C50039D8AD /* cover.jpg */,
				4D67DFF51B716CDB0039D8AD /* Info.plist */,
			);
			name = "Supporting Files";
			sourceTree = "<group>";
		};
		4D67E0091B716CDB0039D8AD /* PhilsosophyTests */ = {
			isa = PBXGroup;
			children = (
				4D67E00C1B716CDB0039D8AD /* PhilsosophyTests.swift */,
				4D67E00A1B716CDB0039D8AD /* Supporting Files */,
			);
			path = PhilsosophyTests;
			sourceTree = "<group>";
		};
		4D67E00A1B716CDB0039D8AD /* Supporting Files */ = {
			isa = PBXGroup;
			children = (
				4D67E00B1B716CDB0039D8AD /* Info.plist */,
			);
			name = "Supporting Files";
			sourceTree = "<group>";
		};
/* End PBXGroup section */

/* Begin PBXNativeTarget section */
		4D67DFF01B716CDB0039D8AD /* Philsosophy */ = {
			isa = PBXNativeTarget;
			buildConfigurationList = 4D67E0101B716CDB0039D8AD /* Build configuration list for PBXNativeTarget "Philsosophy" */;
			buildPhases = (
				4D67DFED1B716CDB0039D8AD /* Sources */,
				4D67DFEE1B716CDB0039D8AD /* Frameworks */,
				4D67DFEF1B716CDB0039D8AD /* Resources */,
			);
			buildRules = (
			);
			dependencies = (
			);
			name = Philsosophy;
			productName = Philsosophy;
			productReference = 4D67DFF11B716CDB0039D8AD /* Philsosophy.app */;
			productType = "com.apple.product-type.application";
		};
		4D67E0051B716CDB0039D8AD /* PhilsosophyTests */ = {
			isa = PBXNativeTarget;
			buildConfigurationList = 4D67E0131B716CDB0039D8AD /* Build configuration list for PBXNativeTarget "PhilsosophyTests" */;
			buildPhases = (
				4D67E0021B716CDB0039D8AD /* Sources */,
				4D67E0031B716CDB0039D8AD /* Frameworks */,
				4D67E0041B716CDB0039D8AD /* Resources */,
			);
			buildRules = (
			);
			dependencies = (
				4D67E0081B716CDB0039D8AD /* PBXTargetDependency */,
			);
			name = PhilsosophyTests;
			productName = PhilsosophyTests;
			productReference = 4D67E0061B716CDB0039D8AD /* PhilsosophyTests.xctest */;
			productType = "com.apple.product-type.bundle.unit-test";
		};
/* End PBXNativeTarget section */

/* Begin PBXProject section */
		4D67DFE91B716CDB0039D8AD /* Project object */ = {
			isa = PBXProject;
			attributes = {
				LastUpgradeCheck = 0640;
				ORGANIZATIONNAME = "Vishaak Ravi";
				TargetAttributes = {
					4D67DFF01B716CDB0039D8AD = {
						CreatedOnToolsVersion = 6.4;
					};
					4D67E0051B716CDB0039D8AD = {
						CreatedOnToolsVersion = 6.4;
						TestTargetID = 4D67DFF01B716CDB0039D8AD;
					};
				};
			};
			buildConfigurationList = 4D67DFEC1B716CDB0039D8AD /* Build configuration list for PBXProject "Philsosophy" */;
			compatibilityVersion = "Xcode 3.2";
			developmentRegion = English;
			hasScannedForEncodings = 0;
			knownRegions = (
				en,
				Base,
			);
			mainGroup = 4D67DFE81B716CDB0039D8AD;
			productRefGroup = 4D67DFF21B716CDB0039D8AD /* Products */;
			projectDirPath = "";
			projectRoot = "";
			targets = (
				4D67DFF01B716CDB0039D8AD /* Philsosophy */,
				4D67E0051B716CDB0039D8AD /* PhilsosophyTests */,
			);
		};
/* End PBXProject section */

/* Begin PBXResourcesBuildPhase section */
		4D67DFEF1B716CDB0039D8AD /* Resources */ = {
			isa = PBXResourcesBuildPhase;
			buildActionMask = 2147483647;
			files = (
				4D67DFFC1B716CDB0039D8AD /* Main.storyboard in Resources */,
				4D67E0011B716CDB0039D8AD /* LaunchScreen.xib in Resources */,
				4D67DFFE1B716CDB0039D8AD /* Images.xcassets in Resources */,
				4D67E0171B71D6C50039D8AD /* cover.jpg in Resources */,
			);
			runOnlyForDeploymentPostprocessing = 0;
		};
		4D67E0041B716CDB0039D8AD /* Resources */ = {
			isa = PBXResourcesBuildPhase;
			buildActionMask = 2147483647;
			files = (
			);
			runOnlyForDeploymentPostprocessing = 0;
		};
/* End PBXResourcesBuildPhase section */

/* Begin PBXSourcesBuildPhase section */
		4D67DFED1B716CDB0039D8AD /* Sources */ = {
			isa = PBXSourcesBuildPhase;
			buildActionMask = 2147483647;
			files = (
				4D67DFF91B716CDB0039D8AD /* ViewController.swift in Sources */,
				4D67DFF71B716CDB0039D8AD /* AppDelegate.swift in Sources */,
			);
			runOnlyForDeploymentPostprocessing = 0;
		};
		4D67E0021B716CDB0039D8AD /* Sources */ = {
			isa = PBXSourcesBuildPhase;
			buildActionMask = 2147483647;
			files = (
				4D67E00D1B716CDB0039D8AD /* PhilsosophyTests.swift in Sources */,
			);
			runOnlyForDeploymentPostprocessing = 0;
		};
/* End PBXSourcesBuildPhase section */

/* Begin PBXTargetDependency section */
		4D67E0081B716CDB0039D8AD /* PBXTargetDependency */ = {
			isa = PBXTargetDependency;
			target = 4D67DFF01B716CDB0039D8AD /* Philsosophy */;
			targetProxy = 4D67E0071B716CDB0039D8AD /* PBXContainerItemProxy */;
		};
/* End PBXTargetDependency section */

/* Begin PBXVariantGroup section */
		4D67DFFA1B716CDB0039D8AD /* Main.storyboard */ = {
			isa = PBXVariantGroup;
			children = (
				4D67DFFB1B716CDB0039D8AD /* Base */,
			);
			name = Main.storyboard;
			sourceTree = "<group>";
		};
		4D67DFFF1B716CDB0039D8AD /* LaunchScreen.xib */ = {
			isa = PBXVariantGroup;
			children = (
				4D67E0001B716CDB0039D8AD /* Base */,
			);
			name = LaunchScreen.xib;
			sourceTree = "<group>";
		};
/* End PBXVariantGroup section */

/* Begin XCBuildConfiguration section */
		4D67E00E1B716CDB0039D8AD /* Debug */ = {
			isa = XCBuildConfiguration;
			buildSettings = {
				ALWAYS_SEARCH_USER_PATHS = NO;
				CLANG_CXX_LANGUAGE_STANDARD = "gnu++0x";
				CLANG_CXX_LIBRARY = "libc++";
				CLANG_ENABLE_MODULES = YES;
				CLANG_ENABLE_OBJC_ARC = YES;
				CLANG_WARN_BOOL_CONVERSION = YES;
				CLANG_WARN_CONSTANT_CONVERSION = YES;
				CLANG_WARN_DIRECT_OBJC_ISA_USAGE = YES_ERROR;
				CLANG_WARN_EMPTY_BODY = YES;
				CLANG_WARN_ENUM_CONVERSION = YES;
				CLANG_WARN_INT_CONVERSION = YES;
				CLANG_WARN_OBJC_ROOT_CLASS = YES_ERROR;
				CLANG_WARN_UNREACHABLE_CODE = YES;
				CLANG_WARN__DUPLICATE_METHOD_MATCH = YES;
				"CODE_SIGN_IDENTITY[sdk=iphoneos*]" = "iPhone Developer";
				COPY_PHASE_STRIP = NO;
				DEBUG_INFORMATION_FORMAT = "dwarf-with-dsym";
				ENABLE_STRICT_OBJC_MSGSEND = YES;
				GCC_C_LANGUAGE_STANDARD = gnu99;
				GCC_DYNAMIC_NO_PIC = NO;
				GCC_NO_COMMON_BLOCKS = YES;
				GCC_OPTIMIZATION_LEVEL = 0;
				GCC_PREPROCESSOR_DEFINITIONS = (
					"DEBUG=1",
					"$(inherited)",
				);
				GCC_SYMBOLS_PRIVATE_EXTERN = NO;
				GCC_WARN_64_TO_32_BIT_CONVERSION = YES;
				GCC_WARN_ABOUT_RETURN_TYPE = YES_ERROR;
				GCC_WARN_UNDECLARED_SELECTOR = YES;
				GCC_WARN_UNINITIALIZED_AUTOS = YES_AGGRESSIVE;
				GCC_WARN_UNUSED_FUNCTION = YES;
				GCC_WARN_UNUSED_VARIABLE = YES;
				IPHONEOS_DEPLOYMENT_TARGET = 8.4;
				MTL_ENABLE_DEBUG_INFO = YES;
				ONLY_ACTIVE_ARCH = YES;
				SDKROOT = iphoneos;
				SWIFT_OPTIMIZATION_LEVEL = "-Onone";
			};
			name = Debug;
		};
		4D67E00F1B716CDB0039D8AD /* Release */ = {
			isa = XCBuildConfiguration;
			buildSettings = {
				ALWAYS_SEARCH_USER_PATHS = NO;
				CLANG_CXX_LANGUAGE_STANDARD = "gnu++0x";
				CLANG_CXX_LIBRARY = "libc++";
				CLANG_ENABLE_MODULES = YES;
				CLANG_ENABLE_OBJC_ARC = YES;
				CLANG_WARN_BOOL_CONVERSION = YES;
				CLANG_WARN_CONSTANT_CONVERSION = YES;
				CLANG_WARN_DIRECT_OBJC_ISA_USAGE = YES_ERROR;
				CLANG_WARN_EMPTY_BODY = YES;
				CLANG_WARN_ENUM_CONVERSION = YES;
				CLANG_WARN_INT_CONVERSION = YES;
				CLANG_WARN_OBJC_ROOT_CLASS = YES_ERROR;
				CLANG_WARN_UNREACHABLE_CODE = YES;
				CLANG_WARN__DUPLICATE_METHOD_MATCH = YES;
				"CODE_SIGN_IDENTITY[sdk=iphoneos*]" = "iPhone Developer";
				COPY_PHASE_STRIP = NO;
				DEBUG_INFORMATION_FORMAT = "dwarf-with-dsym";
				ENABLE_NS_ASSERTIONS = NO;
				ENABLE_STRICT_OBJC_MSGSEND = YES;
				GCC_C_LANGUAGE_STANDARD = gnu99;
				GCC_NO_COMMON_BLOCKS = YES;
				GCC_WARN_64_TO_32_BIT_CONVERSION = YES;
				GCC_WARN_ABOUT_RETURN_TYPE = YES_ERROR;
				GCC_WARN_UNDECLARED_SELECTOR = YES;
				GCC_WARN_UNINITIALIZED_AUTOS = YES_AGGRESSIVE;
				GCC_WARN_UNUSED_FUNCTION = YES;
				GCC_WARN_UNUSED_VARIABLE = YES;
				IPHONEOS_DEPLOYMENT_TARGET = 8.4;
				MTL_ENABLE_DEBUG_INFO = NO;
				SDKROOT = iphoneos;
				VALIDATE_PRODUCT = YES;
			};
			name = Release;
		};
		4D67E0111B716CDB0039D8AD /* Debug */ = {
			isa = XCBuildConfiguration;
			buildSettings = {
				ASSETCATALOG_COMPILER_APPICON_NAME = AppIcon;
				CODE_SIGN_IDENTITY = "iPhone Developer";
				INFOPLIST_FILE = Philsosophy/Info.plist;
				LD_RUNPATH_SEARCH_PATHS = "$(inherited) @executable_path/Frameworks";
				PRODUCT_NAME = "$(TARGET_NAME)";
			};
			name = Debug;
		};
		4D67E0121B716CDB0039D8AD /* Release */ = {
			isa = XCBuildConfiguration;
			buildSettings = {
				ASSETCATALOG_COMPILER_APPICON_NAME = AppIcon;
				CODE_SIGN_IDENTITY = "iPhone Developer";
				INFOPLIST_FILE = Philsosophy/Info.plist;
				LD_RUNPATH_SEARCH_PATHS = "$(inherited) @executable_path/Frameworks";
				PRODUCT_NAME = "$(TARGET_NAME)";
			};
			name = Release;
		};
		4D67E0141B716CDB0039D8AD /* Debug */ = {
			isa = XCBuildConfiguration;
			buildSettings = {
				BUNDLE_LOADER = "$(TEST_HOST)";
				FRAMEWORK_SEARCH_PATHS = (
					"$(SDKROOT)/Developer/Library/Frameworks",
					"$(inherited)",
				);
				GCC_PREPROCESSOR_DEFINITIONS = (
					"DEBUG=1",
					"$(inherited)",
				);
				INFOPLIST_FILE = PhilsosophyTests/Info.plist;
				LD_RUNPATH_SEARCH_PATHS = "$(inherited) @executable_path/Frameworks @loader_path/Frameworks";
				PRODUCT_NAME = "$(TARGET_NAME)";
				TEST_HOST = "$(BUILT_PRODUCTS_DIR)/Philsosophy.app/Philsosophy";
			};
			name = Debug;
		};
		4D67E0151B716CDB0039D8AD /* Release */ = {
			isa = XCBuildConfiguration;
			buildSettings = {
				BUNDLE_LOADER = "$(TEST_HOST)";
				FRAMEWORK_SEARCH_PATHS = (
					"$(SDKROOT)/Developer/Library/Frameworks",
					"$(inherited)",
				);
				INFOPLIST_FILE = PhilsosophyTests/Info.plist;
				LD_RUNPATH_SEARCH_PATHS = "$(inherited) @executable_path/Frameworks @loader_path/Frameworks";
				PRODUCT_NAME = "$(TARGET_NAME)";
				TEST_HOST = "$(BUILT_PRODUCTS_DIR)/Philsosophy.app/Philsosophy";
			};
			name = Release;
		};
/* End XCBuildConfiguration section */

/* Begin XCConfigurationList section */
		4D67DFEC1B716CDB0039D8AD /* Build configuration list for PBXProject "Philsosophy" */ = {
			isa = XCConfigurationList;
			buildConfigurations = (
				4D67E00E1B716CDB0039D8AD /* Debug */,
				4D67E00F1B716CDB0039D8AD /* Release */,
			);
			defaultConfigurationIsVisible = 0;
			defaultConfigurationName = Release;
		};
		4D67E0101B716CDB0039D8AD /* Build configuration list for PBXNativeTarget "Philsosophy" */ = {
			isa = XCConfigurationList;
			buildConfigurations = (
				4D67E0111B716CDB0039D8AD /* Debug */,
				4D67E0121B716CDB0039D8AD /* Release */,
			);
			defaultConfigurationIsVisible = 0;
		};
		4D67E0131B716CDB0039D8AD /* Build configuration list for PBXNativeTarget "PhilsosophyTests" */ = {
			isa = XCConfigurationList;
			buildConfigurations = (
				4D67E0141B716CDB0039D8AD /* Debug */,
				4D67E0151B716CDB0039D8AD /* Release */,
			);
			defaultConfigurationIsVisible = 0;
		};
/* End XCConfigurationList section */
	};
	rootObject = 4D67DFE91B716CDB0039D8AD /* Project object */;
}
